
Microsoft Visual Studio Solution File, Format Version 12.00
# Visual Studio 15
VisualStudioVersion = 15.0.26124.0
MinimumVisualStudioVersion = 15.0.26124.0
Project("{FAE04EC0-301F-11D3-BF4B-00C04F79EFBC}") = "two_sum", "two_sum\two_sum.csproj", "{5F01D7A6-9B8A-4F91-84BC-785C9C81C0A6}"
EndProject
Project("{FAE04EC0-301F-11D3-BF4B-00C04F79EFBC}") = "add_two_numbers", "add_two_numbers\add_two_numbers.csproj", "{5ADB2796-C570-4FCE-BE6F-9476D86DAD79}"
EndProject
Project("{FAE04EC0-301F-11D3-BF4B-00C04F79EFBC}") = "LongestSubstringWithoutRepeatingChar", "LongestSubstringWithoutRepeatingChar\LongestSubstringWithoutRepeatingChar.csproj", "{6CF09851-ABCD-4452-B017-C595F2E43747}"
EndProject
Project("{FAE04EC0-301F-11D3-BF4B-00C04F79EFBC}") = "median_of_two_sorted_arrays", "median_of_two_sorted_arrays\median_of_two_sorted_arrays.csproj", "{D32FE644-622F-4BE0-BAFB-5A73AE0CAF79}"
EndProject
Global
	GlobalSection(SolutionConfigurationPlatforms) = preSolution
		Debug|Any CPU = Debug|Any CPU
		Debug|x64 = Debug|x64
		Debug|x86 = Debug|x86
		Release|Any CPU = Release|Any CPU
		Release|x64 = Release|x64
		Release|x86 = Release|x86
	EndGlobalSection
	GlobalSection(SolutionProperties) = preSolution
		HideSolutionNode = FALSE
	EndGlobalSection
	GlobalSection(ProjectConfigurationPlatforms) = postSolution
		{5F01D7A6-9B8A-4F91-84BC-785C9C81C0A6}.Debug|Any CPU.ActiveCfg = Debug|Any CPU
		{5F01D7A6-9B8A-4F91-84BC-785C9C81C0A6}.Debug|Any CPU.Build.0 = Debug|Any CPU
		{5F01D7A6-9B8A-4F91-84BC-785C9C81C0A6}.Debug|x64.ActiveCfg = Debug|Any CPU
		{5F01D7A6-9B8A-4F91-84BC-785C9C81C0A6}.Debug|x64.Build.0 = Debug|Any CPU
		{5F01D7A6-9B8A-4F91-84BC-785C9C81C0A6}.Debug|x86.ActiveCfg = Debug|Any CPU
		{5F01D7A6-9B8A-4F91-84BC-785C9C81C0A6}.Debug|x86.Build.0 = Debug|Any CPU
		{5F01D7A6-9B8A-4F91-84BC-785C9C81C0A6}.Release|Any CPU.ActiveCfg = Release|Any CPU
		{5F01D7A6-9B8A-4F91-84BC-785C9C81C0A6}.Release|Any CPU.Build.0 = Release|Any CPU
		{5F01D7A6-9B8A-4F91-84BC-785C9C81C0A6}.Release|x64.ActiveCfg = Release|Any CPU
		{5F01D7A6-9B8A-4F91-84BC-785C9C81C0A6}.Release|x64.Build.0 = Release|Any CPU
		{5F01D7A6-9B8A-4F91-84BC-785C9C81C0A6}.Release|x86.ActiveCfg = Release|Any CPU
		{5F01D7A6-9B8A-4F91-84BC-785C9C81C0A6}.Release|x86.Build.0 = Release|Any CPU
		{5ADB2796-C570-4FCE-BE6F-9476D86DAD79}.Debug|Any CPU.ActiveCfg = Debug|Any CPU
		{5ADB2796-C570-4FCE-BE6F-9476D86DAD79}.Debug|Any CPU.Build.0 = Debug|Any CPU
		{5ADB2796-C570-4FCE-BE6F-9476D86DAD79}.Debug|x64.ActiveCfg = Debug|Any CPU
		{5ADB2796-C570-4FCE-BE6F-9476D86DAD79}.Debug|x64.Build.0 = Debug|Any CPU
		{5ADB2796-C570-4FCE-BE6F-9476D86DAD79}.Debug|x86.ActiveCfg = Debug|Any CPU
		{5ADB2796-C570-4FCE-BE6F-9476D86DAD79}.Debug|x86.Build.0 = Debug|Any CPU
		{5ADB2796-C570-4FCE-BE6F-9476D86DAD79}.Release|Any CPU.ActiveCfg = Release|Any CPU
		{5ADB2796-C570-4FCE-BE6F-9476D86DAD79}.Release|Any CPU.Build.0 = Release|Any CPU
		{5ADB2796-C570-4FCE-BE6F-9476D86DAD79}.Release|x64.ActiveCfg = Release|Any CPU
		{5ADB2796-C570-4FCE-BE6F-9476D86DAD79}.Release|x64.Build.0 = Release|Any CPU
		{5ADB2796-C570-4FCE-BE6F-9476D86DAD79}.Release|x86.ActiveCfg = Release|Any CPU
		{5ADB2796-C570-4FCE-BE6F-9476D86DAD79}.Release|x86.Build.0 = Release|Any CPU
		{6CF09851-ABCD-4452-B017-C595F2E43747}.Debug|Any CPU.ActiveCfg = Debug|Any CPU
		{6CF09851-ABCD-4452-B017-C595F2E43747}.Debug|Any CPU.Build.0 = Debug|Any CPU
		{6CF09851-ABCD-4452-B017-C595F2E43747}.Debug|x64.ActiveCfg = Debug|Any CPU
		{6CF09851-ABCD-4452-B017-C595F2E43747}.Debug|x64.Build.0 = Debug|Any CPU
		{6CF09851-ABCD-4452-B017-C595F2E43747}.Debug|x86.ActiveCfg = Debug|Any CPU
		{6CF09851-ABCD-4452-B017-C595F2E43747}.Debug|x86.Build.0 = Debug|Any CPU
		{6CF09851-ABCD-4452-B017-C595F2E43747}.Release|Any CPU.ActiveCfg = Release|Any CPU
		{6CF09851-ABCD-4452-B017-C595F2E43747}.Release|Any CPU.Build.0 = Release|Any CPU
		{6CF09851-ABCD-4452-B017-C595F2E43747}.Release|x64.ActiveCfg = Release|Any CPU
		{6CF09851-ABCD-4452-B017-C595F2E43747}.Release|x64.Build.0 = Release|Any CPU
		{6CF09851-ABCD-4452-B017-C595F2E43747}.Release|x86.ActiveCfg = Release|Any CPU
		{6CF09851-ABCD-4452-B017-C595F2E43747}.Release|x86.Build.0 = Release|Any CPU
		{D32FE644-622F-4BE0-BAFB-5A73AE0CAF79}.Debug|Any CPU.ActiveCfg = Debug|Any CPU
		{D32FE644-622F-4BE0-BAFB-5A73AE0CAF79}.Debug|Any CPU.Build.0 = Debug|Any CPU
		{D32FE644-622F-4BE0-BAFB-5A73AE0CAF79}.Debug|x64.ActiveCfg = Debug|Any CPU
		{D32FE644-622F-4BE0-BAFB-5A73AE0CAF79}.Debug|x64.Build.0 = Debug|Any CPU
		{D32FE644-622F-4BE0-BAFB-5A73AE0CAF79}.Debug|x86.ActiveCfg = Debug|Any CPU
		{D32FE644-622F-4BE0-BAFB-5A73AE0CAF79}.Debug|x86.Build.0 = Debug|Any CPU
		{D32FE644-622F-4BE0-BAFB-5A73AE0CAF79}.Release|Any CPU.ActiveCfg = Release|Any CPU
		{D32FE644-622F-4BE0-BAFB-5A73AE0CAF79}.Release|Any CPU.Build.0 = Release|Any CPU
		{D32FE644-622F-4BE0-BAFB-5A73AE0CAF79}.Release|x64.ActiveCfg = Release|Any CPU
		{D32FE644-622F-4BE0-BAFB-5A73AE0CAF79}.Release|x64.Build.0 = Release|Any CPU
		{D32FE644-622F-4BE0-BAFB-5A73AE0CAF79}.Release|x86.ActiveCfg = Release|Any CPU
		{D32FE644-622F-4BE0-BAFB-5A73AE0CAF79}.Release|x86.Build.0 = Release|Any CPU
	EndGlobalSection
EndGlobal
